{
  "name": "crypro_notification_on_heroku",
  "version": "1.0.0",
  "lockfileVersion": 2,
  "requires": true,
  "packages": {
    "": {
      "name": "crypro_notification_on_heroku",
      "version": "1.0.0",
      "license": "ISC",
      "dependencies": {
        "ccxt": "^1.93.43"
      }
    },
    "node_modules/ccxt": {
      "version": "1.93.43",
      "resolved": "https://registry.npmjs.org/ccxt/-/ccxt-1.93.43.tgz",
      "integrity": "sha512-VBUSWBMPlfApSI8/tKZWA10vYKrMMyACtBgVcftbC9iStGZ5JTVnLppH9qaMkBO9UjapmWYQz9qTMMXFp2ZZwg==",
      "hasInstallScript": true,
      "engines": {
        "node": ">=10.4.0"
      }
    }
  },
  "dependencies": {
    "ccxt": {
      "version": "1.93.43",
      "resolved": "https://registry.npmjs.org/ccxt/-/ccxt-1.93.43.tgz",
      "integrity": "sha512-VBUSWBMPlfApSI8/tKZWA10vYKrMMyACtBgVcftbC9iStGZ5JTVnLppH9qaMkBO9UjapmWYQz9qTMMXFp2ZZwg=="
    }
  }
}
